// !$*UTF8*$!
{
	archiveVersion = 1;
	classes = {
	};
	objectVersion = 50;
	objects = {

/* Begin PBXBuildFile section */
		95F35B3925EDE7F40024A51F /* AppDelegate.m in Sources */ = {isa = PBXBuildFile; fileRef = 95F35B3825EDE7F40024A51F /* AppDelegate.m */; };
		95F35B3C25EDE7F40024A51F /* ViewController.m in Sources */ = {isa = PBXBuildFile; fileRef = 95F35B3B25EDE7F40024A51F /* ViewController.m */; };
		95F35B3E25EDE8150024A51F /* Assets.xcassets in Resources */ = {isa = PBXBuildFile; fileRef = 95F35B3D25EDE8150024A51F /* Assets.xcassets */; };
		95F35B4125EDE8150024A51F /* Main.storyboard in Resources */ = {isa = PBXBuildFile; fileRef = 95F35B3F25EDE8150024A51F /* Main.storyboard */; };
		95F35B4425EDE8150024A51F /* main.m in Sources */ = {isa = PBXBuildFile; fileRef = 95F35B4325EDE8150024A51F /* main.m */; };
		95F35B4F25EDE8180024A51F /* Tests.m in Sources */ = {isa = PBXBuildFile; fileRef = 95F35B4E25EDE8180024A51F /* Tests.m */; };
/* End PBXBuildFile section */

/* Begin PBXContainerItemProxy section */
		95F35B4B25EDE8180024A51F /* PBXContainerItemProxy */ = {
			isa = PBXContainerItemProxy;
			containerPortal = 95F35B2C25EDE7F40024A51F /* Project object */;
			proxyType = 1;
			remoteGlobalIDString = 95F35B3325EDE7F40024A51F;
			remoteInfo = PROJECT;
		};
/* End PBXContainerItemProxy section */

/* Begin PBXFileReference section */
		95F35B3425EDE7F40024A51F /* PROJECT_Example.app */ = {isa = PBXFileReference; explicitFileType = wrapper.application; includeInIndex = 0; path = PROJECT_Example.app; sourceTree = BUILT_PRODUCTS_DIR; };
		95F35B3725EDE7F40024A51F /* AppDelegate.h */ = {isa = PBXFileReference; lastKnownFileType = sourcecode.c.h; path = AppDelegate.h; sourceTree = "<group>"; };
		95F35B3825EDE7F40024A51F /* AppDelegate.m */ = {isa = PBXFileReference; lastKnownFileType = sourcecode.c.objc; path = AppDelegate.m; sourceTree = "<group>"; };
		95F35B3A25EDE7F40024A51F /* ViewController.h */ = {isa = PBXFileReference; lastKnownFileType = sourcecode.c.h; path = ViewController.h; sourceTree = "<group>"; };
		95F35B3B25EDE7F40024A51F /* ViewController.m */ = {isa = PBXFileReference; lastKnownFileType = sourcecode.c.objc; path = ViewController.m; sourceTree = "<group>"; };
		95F35B3D25EDE8150024A51F /* Assets.xcassets */ = {isa = PBXFileReference; lastKnownFileType = folder.assetcatalog; path = Assets.xcassets; sourceTree = "<group>"; };
		95F35B4025EDE8150024A51F /* Base */ = {isa = PBXFileReference; lastKnownFileType = file.storyboard; name = Base; path = Base.lproj/Main.storyboard; sourceTree = "<group>"; };
		95F35B4225EDE8150024A51F /* Info.plist */ = {isa = PBXFileReference; lastKnownFileType = text.plist.xml; path = Info.plist; sourceTree = "<group>"; };
		95F35B4325EDE8150024A51F /* main.m */ = {isa = PBXFileReference; lastKnownFileType = sourcecode.c.objc; path = main.m; sourceTree = "<group>"; };
		95F35B4525EDE8150024A51F /* PROJECT.entitlements */ = {isa = PBXFileReference; lastKnownFileType = text.plist.entitlements; path = PROJECT.entitlements; sourceTree = "<group>"; };
		95F35B4A25EDE8180024A51F /* PROJECT_Tests.xctest */ = {isa = PBXFileReference; explicitFileType = wrapper.cfbundle; includeInIndex = 0; path = PROJECT_Tests.xctest; sourceTree = BUILT_PRODUCTS_DIR; };
		95F35B4E25EDE8180024A51F /* Tests.m */ = {isa = PBXFileReference; lastKnownFileType = sourcecode.c.objc; path = Tests.m; sourceTree = "<group>"; };
		95F35B5025EDE8180024A51F /* Info.plist */ = {isa = PBXFileReference; lastKnownFileType = text.plist.xml; path = Info.plist; sourceTree = "<group>"; };
/* End PBXFileReference section */

/* Begin PBXFrameworksBuildPhase section */
		95F35B3125EDE7F40024A51F /* Frameworks */ = {
			isa = PBXFrameworksBuildPhase;
			buildActionMask = 2147483647;
			files = (
			);
			runOnlyForDeploymentPostprocessing = 0;
		};
		95F35B4725EDE8180024A51F /* Frameworks */ = {
			isa = PBXFrameworksBuildPhase;
			buildActionMask = 2147483647;
			files = (
			);
			runOnlyForDeploymentPostprocessing = 0;
		};
/* End PBXFrameworksBuildPhase section */

/* Begin PBXGroup section */
		95F35B2B25EDE7F40024A51F = {
			isa = PBXGroup;
			children = (
				95F35B7125EDE9860024A51F /* Podspec Metadata */,
				95F35B3625EDE7F40024A51F /* PROJECT */,
				95F35B4D25EDE8180024A51F /* Tests */,
				95F35B3525EDE7F40024A51F /* Products */,
			);
			sourceTree = "<group>";
		};
		95F35B3525EDE7F40024A51F /* Products */ = {
			isa = PBXGroup;
			children = (
				95F35B3425EDE7F40024A51F /* PROJECT_Example.app */,
				95F35B4A25EDE8180024A51F /* PROJECT_Tests.xctest */,
			);
			name = Products;
			sourceTree = "<group>";
		};
		95F35B3625EDE7F40024A51F /* PROJECT */ = {
			isa = PBXGroup;
			children = (
				95F35B3725EDE7F40024A51F /* AppDelegate.h */,
				95F35B3825EDE7F40024A51F /* AppDelegate.m */,
				95F35B3A25EDE7F40024A51F /* ViewController.h */,
				95F35B3B25EDE7F40024A51F /* ViewController.m */,
				95F35B3D25EDE8150024A51F /* Assets.xcassets */,
				95F35B3F25EDE8150024A51F /* Main.storyboard */,
				95F35B4225EDE8150024A51F /* Info.plist */,
				95F35B4325EDE8150024A51F /* main.m */,
				95F35B4525EDE8150024A51F /* PROJECT.entitlements */,
			);
			path = PROJECT;
			sourceTree = "<group>";
		};
		95F35B4D25EDE8180024A51F /* Tests */ = {
			isa = PBXGroup;
			children = (
				95F35B4E25EDE8180024A51F /* Tests.m */,
				95F35B5025EDE8180024A51F /* Info.plist */,
			);
			path = Tests;
			sourceTree = "<group>";
		};
		95F35B7125EDE9860024A51F /* Podspec Metadata */ = {
			isa = PBXGroup;
			children = (
			);
			name = "Podspec Metadata";
			sourceTree = "<group>";
		};
/* End PBXGroup section */

/* Begin PBXNativeTarget section */
		95F35B3325EDE7F40024A51F /* PROJECT_Example */ = {
			isa = PBXNativeTarget;
			buildConfigurationList = 95F35B5E25EDE8180024A51F /* Build configuration list for PBXNativeTarget "PROJECT_Example" */;
			buildPhases = (
				95F35B3025EDE7F40024A51F /* Sources */,
				95F35B3125EDE7F40024A51F /* Frameworks */,
				95F35B3225EDE7F40024A51F /* Resources */,
			);
			buildRules = (
			);
			dependencies = (
			);
			name = PROJECT_Example;
			productName = PROJECT;
			productReference = 95F35B3425EDE7F40024A51F /* PROJECT_Example.app */;
			productType = "com.apple.product-type.application";
		};
		95F35B4925EDE8180024A51F /* PROJECT_Tests */ = {
			isa = PBXNativeTarget;
			buildConfigurationList = 95F35B6125EDE8180024A51F /* Build configuration list for PBXNativeTarget "PROJECT_Tests" */;
			buildPhases = (
				95F35B4625EDE8180024A51F /* Sources */,
				95F35B4725EDE8180024A51F /* Frameworks */,
				95F35B4825EDE8180024A51F /* Resources */,
			);
			buildRules = (
			);
			dependencies = (
				95F35B4C25EDE8180024A51F /* PBXTargetDependency */,
			);
			name = PROJECT_Tests;
			productName = PROJECTTests;
			productReference = 95F35B4A25EDE8180024A51F /* PROJECT_Tests.xctest */;
			productType = "com.apple.product-type.bundle.unit-test";
		};
/* End PBXNativeTarget section */

/* Begin PBXProject section */
		95F35B2C25EDE7F40024A51F /* Project object */ = {
			isa = PBXProject;
			attributes = {
				LastUpgradeCheck = 1220;
				TargetAttributes = {
					95F35B3325EDE7F40024A51F = {
						CreatedOnToolsVersion = 12.2;
					};
					95F35B4925EDE8180024A51F = {
						CreatedOnToolsVersion = 12.2;
						TestTargetID = 95F35B3325EDE7F40024A51F;
					};
				};
			};
			buildConfigurationList = 95F35B2F25EDE7F40024A51F /* Build configuration list for PBXProject "PROJECT" */;
			compatibilityVersion = "Xcode 9.3";
			developmentRegion = en;
			hasScannedForEncodings = 0;
			knownRegions = (
				en,
				Base,
			);
			mainGroup = 95F35B2B25EDE7F40024A51F;
			productRefGroup = 95F35B3525EDE7F40024A51F /* Products */;
			projectDirPath = "";
			projectRoot = "";
			targets = (
				95F35B3325EDE7F40024A51F /* PROJECT_Example */,
				95F35B4925EDE8180024A51F /* PROJECT_Tests */,
			);
		};
/* End PBXProject section */

/* Begin PBXResourcesBuildPhase section */
		95F35B3225EDE7F40024A51F /* Resources */ = {
			isa = PBXResourcesBuildPhase;
			buildActionMask = 2147483647;
			files = (
				95F35B3E25EDE8150024A51F /* Assets.xcassets in Resources */,
				95F35B4125EDE8150024A51F /* Main.storyboard in Resources */,
			);
			runOnlyForDeploymentPostprocessing = 0;
		};
		95F35B4825EDE8180024A51F /* Resources */ = {
			isa = PBXResourcesBuildPhase;
			buildActionMask = 2147483647;
			files = (
			);
			runOnlyForDeploymentPostprocessing = 0;
		};
/* End PBXResourcesBuildPhase section */

/* Begin PBXSourcesBuildPhase section */
		95F35B3025EDE7F40024A51F /* Sources */ = {
			isa = PBXSourcesBuildPhase;
			buildActionMask = 2147483647;
			files = (
				95F35B3C25EDE7F40024A51F /* ViewController.m in Sources */,
				95F35B4425EDE8150024A51F /* main.m in Sources */,
				95F35B3925EDE7F40024A51F /* AppDelegate.m in Sources */,
			);
			runOnlyForDeploymentPostprocessing = 0;
		};
		95F35B4625EDE8180024A51F /* Sources */ = {
			isa = PBXSourcesBuildPhase;
			buildActionMask = 2147483647;
			files = (
				95F35B4F25EDE8180024A51F /* Tests.m in Sources */,
			);
			runOnlyForDeploymentPostprocessing = 0;
		};
/* End PBXSourcesBuildPhase section */

/* Begin PBXTargetDependency section */
		95F35B4C25EDE8180024A51F /* PBXTargetDependency */ = {
			isa = PBXTargetDependency;
			target = 95F35B3325EDE7F40024A51F /* PROJECT_Example */;
			targetProxy = 95F35B4B25EDE8180024A51F /* PBXContainerItemProxy */;
		};
/* End PBXTargetDependency section */

/* Begin PBXVariantGroup section */
		95F35B3F25EDE8150024A51F /* Main.storyboard */ = {
			isa = PBXVariantGroup;
			children = (
				95F35B4025EDE8150024A51F /* Base */,
			);
			name = Main.storyboard;
			sourceTree = "<group>";
		};
/* End PBXVariantGroup section */

/* Begin XCBuildConfiguration section */
		95F35B5C25EDE8180024A51F /* Debug */ = {
			isa = XCBuildConfiguration;
			buildSettings = {
				ALWAYS_SEARCH_USER_PATHS = NO;
				CLANG_ANALYZER_NONNULL = YES;
				CLANG_ANALYZER_NUMBER_OBJECT_CONVERSION = YES_AGGRESSIVE;
				CLANG_CXX_LANGUAGE_STANDARD = "gnu++14";
				CLANG_CXX_LIBRARY = "libc++";
				CLANG_ENABLE_MODULES = YES;
				CLANG_ENABLE_OBJC_ARC = YES;
				CLANG_ENABLE_OBJC_WEAK = YES;
				CLANG_WARN_BLOCK_CAPTURE_AUTORELEASING = YES;
				CLANG_WARN_BOOL_CONVERSION = YES;
				CLANG_WARN_COMMA = YES;
				CLANG_WARN_CONSTANT_CONVERSION = YES;
				CLANG_WARN_DEPRECATED_OBJC_IMPLEMENTATIONS = YES;
				CLANG_WARN_DIRECT_OBJC_ISA_USAGE = YES_ERROR;
				CLANG_WARN_DOCUMENTATION_COMMENTS = YES;
				CLANG_WARN_EMPTY_BODY = YES;
				CLANG_WARN_ENUM_CONVERSION = YES;
				CLANG_WARN_INFINITE_RECURSION = YES;
				CLANG_WARN_INT_CONVERSION = YES;
				CLANG_WARN_NON_LITERAL_NULL_CONVERSION = YES;
				CLANG_WARN_OBJC_IMPLICIT_RETAIN_SELF = YES;
				CLANG_WARN_OBJC_LITERAL_CONVERSION = YES;
				CLANG_WARN_OBJC_ROOT_CLASS = YES_ERROR;
				CLANG_WARN_QUOTED_INCLUDE_IN_FRAMEWORK_HEADER = YES;
				CLANG_WARN_RANGE_LOOP_ANALYSIS = YES;
				CLANG_WARN_STRICT_PROTOTYPES = YES;
				CLANG_WARN_SUSPICIOUS_MOVE = YES;
				CLANG_WARN_UNGUARDED_AVAILABILITY = YES_AGGRESSIVE;
				CLANG_WARN_UNREACHABLE_CODE = YES;
				CLANG_WARN__DUPLICATE_METHOD_MATCH = YES;
				COPY_PHASE_STRIP = NO;
				DEBUG_INFORMATION_FORMAT = dwarf;
				ENABLE_STRICT_OBJC_MSGSEND = YES;
				ENABLE_TESTABILITY = YES;
				GCC_C_LANGUAGE_STANDARD = gnu11;
				GCC_DYNAMIC_NO_PIC = NO;
				GCC_NO_COMMON_BLOCKS = YES;
				GCC_OPTIMIZATION_LEVEL = 0;
				GCC_PREPROCESSOR_DEFINITIONS = (
					"DEBUG=1",
					"$(inherited)",
				);
				GCC_WARN_64_TO_32_BIT_CONVERSION = YES;
				GCC_WARN_ABOUT_RETURN_TYPE = YES_ERROR;
				GCC_WARN_UNDECLARED_SELECTOR = YES;
				GCC_WARN_UNINITIALIZED_AUTOS = YES_AGGRESSIVE;
				GCC_WARN_UNUSED_FUNCTION = YES;
				GCC_WARN_UNUSED_VARIABLE = YES;
				MACOSX_DEPLOYMENT_TARGET = 10.11;
				MTL_ENABLE_DEBUG_INFO = INCLUDE_SOURCE;
				MTL_FAST_MATH = YES;
				ONLY_ACTIVE_ARCH = YES;
				SDKROOT = macosx;
			};
			name = Debug;
		};
		95F35B5D25EDE8180024A51F /* Release */ = {
			isa = XCBuildConfiguration;
			buildSettings = {
				ALWAYS_SEARCH_USER_PATHS = NO;
				CLANG_ANALYZER_NONNULL = YES;
				CLANG_ANALYZER_NUMBER_OBJECT_CONVERSION = YES_AGGRESSIVE;
				CLANG_CXX_LANGUAGE_STANDARD = "gnu++14";
				CLANG_CXX_LIBRARY = "libc++";
				CLANG_ENABLE_MODULES = YES;
				CLANG_ENABLE_OBJC_ARC = YES;
				CLANG_ENABLE_OBJC_WEAK = YES;
				CLANG_WARN_BLOCK_CAPTURE_AUTORELEASING = YES;
				CLANG_WARN_BOOL_CONVERSION = YES;
				CLANG_WARN_COMMA = YES;
				CLANG_WARN_CONSTANT_CONVERSION = YES;
				CLANG_WARN_DEPRECATED_OBJC_IMPLEMENTATIONS = YES;
				CLANG_WARN_DIRECT_OBJC_ISA_USAGE = YES_ERROR;
				CLANG_WARN_DOCUMENTATION_COMMENTS = YES;
				CLANG_WARN_EMPTY_BODY = YES;
				CLANG_WARN_ENUM_CONVERSION = YES;
				CLANG_WARN_INFINITE_RECURSION = YES;
				CLANG_WARN_INT_CONVERSION = YES;
				CLANG_WARN_NON_LITERAL_NULL_CONVERSION = YES;
				CLANG_WARN_OBJC_IMPLICIT_RETAIN_SELF = YES;
				CLANG_WARN_OBJC_LITERAL_CONVERSION = YES;
				CLANG_WARN_OBJC_ROOT_CLASS = YES_ERROR;
				CLANG_WARN_QUOTED_INCLUDE_IN_FRAMEWORK_HEADER = YES;
				CLANG_WARN_RANGE_LOOP_ANALYSIS = YES;
				CLANG_WARN_STRICT_PROTOTYPES = YES;
				CLANG_WARN_SUSPICIOUS_MOVE = YES;
				CLANG_WARN_UNGUARDED_AVAILABILITY = YES_AGGRESSIVE;
				CLANG_WARN_UNREACHABLE_CODE = YES;
				CLANG_WARN__DUPLICATE_METHOD_MATCH = YES;
				COPY_PHASE_STRIP = NO;
				DEBUG_INFORMATION_FORMAT = "dwarf-with-dsym";
				ENABLE_NS_ASSERTIONS = NO;
				ENABLE_STRICT_OBJC_MSGSEND = YES;
				GCC_C_LANGUAGE_STANDARD = gnu11;
				GCC_NO_COMMON_BLOCKS = YES;
				GCC_WARN_64_TO_32_BIT_CONVERSION = YES;
				GCC_WARN_ABOUT_RETURN_TYPE = YES_ERROR;
				GCC_WARN_UNDECLARED_SELECTOR = YES;
				GCC_WARN_UNINITIALIZED_AUTOS = YES_AGGRESSIVE;
				GCC_WARN_UNUSED_FUNCTION = YES;
				GCC_WARN_UNUSED_VARIABLE = YES;
				MACOSX_DEPLOYMENT_TARGET = 10.11;
				MTL_ENABLE_DEBUG_INFO = NO;
				MTL_FAST_MATH = YES;
				SDKROOT = macosx;
			};
			name = Release;
		};
		95F35B5F25EDE8180024A51F /* Debug */ = {
			isa = XCBuildConfiguration;
			buildSettings = {
				ASSETCATALOG_COMPILER_APPICON_NAME = AppIcon;
				ASSETCATALOG_COMPILER_GLOBAL_ACCENT_COLOR_NAME = AccentColor;
				CODE_SIGN_ENTITLEMENTS = PROJECT/PROJECT.entitlements;
				CODE_SIGN_IDENTITY = "-";
				CODE_SIGN_STYLE = Automatic;
				COMBINE_HIDPI_IMAGES = YES;
				DEVELOPMENT_TEAM = 5WYTDX7K8N;
				ENABLE_HARDENED_RUNTIME = YES;
				INFOPLIST_FILE = PROJECT/Info.plist;
				LD_RUNPATH_SEARCH_PATHS = (
					"$(inherited)",
					"@executable_path/../Frameworks",
				);
				PRODUCT_BUNDLE_IDENTIFIER = org.cocoapods.demo.PROJECT;
				PRODUCT_NAME = "$(TARGET_NAME)";
			};
			name = Debug;
		};
		95F35B6025EDE8180024A51F /* Release */ = {
			isa = XCBuildConfiguration;
			buildSettings = {
				ASSETCATALOG_COMPILER_APPICON_NAME = AppIcon;
				ASSETCATALOG_COMPILER_GLOBAL_ACCENT_COLOR_NAME = AccentColor;
				CODE_SIGN_ENTITLEMENTS = PROJECT/PROJECT.entitlements;
				CODE_SIGN_IDENTITY = "-";
				CODE_SIGN_STYLE = Automatic;
				COMBINE_HIDPI_IMAGES = YES;
				DEVELOPMENT_TEAM = 5WYTDX7K8N;
				ENABLE_HARDENED_RUNTIME = YES;
				INFOPLIST_FILE = PROJECT/Info.plist;
				LD_RUNPATH_SEARCH_PATHS = (
					"$(inherited)",
					"@executable_path/../Frameworks",
				);
				PRODUCT_BUNDLE_IDENTIFIER = org.cocoapods.demo.PROJECT;
				PRODUCT_NAME = "$(TARGET_NAME)";
			};
			name = Release;
		};
		95F35B6225EDE8180024A51F /* Debug */ = {
			isa = XCBuildConfiguration;
			buildSettings = {
				BUNDLE_LOADER = "$(TEST_HOST)";
				CODE_SIGN_IDENTITY = "-";
				CODE_SIGN_STYLE = Automatic;
				COMBINE_HIDPI_IMAGES = YES;
				DEVELOPMENT_TEAM = "";
				INFOPLIST_FILE = Tests/Info.plist;
				LD_RUNPATH_SEARCH_PATHS = (
					"$(inherited)",
					"@executable_path/../Frameworks",
					"@loader_path/../Frameworks",
				);
				MACOSX_DEPLOYMENT_TARGET = 10.15;
				PRODUCT_BUNDLE_IDENTIFIER = org.cocoapods.demo.PROJECTTests;
				PRODUCT_NAME = "$(TARGET_NAME)";
				PROVISIONING_PROFILE_SPECIFIER = "";
				TEST_HOST = "";
			};
			name = Debug;
		};
		95F35B6325EDE8180024A51F /* Release */ = {
			isa = XCBuildConfiguration;
			buildSettings = {
				BUNDLE_LOADER = "$(TEST_HOST)";
				CODE_SIGN_IDENTITY = "-";
				CODE_SIGN_STYLE = Automatic;
				COMBINE_HIDPI_IMAGES = YES;
				DEVELOPMENT_TEAM = "";
				INFOPLIST_FILE = Tests/Info.plist;
				LD_RUNPATH_SEARCH_PATHS = (
					"$(inherited)",
					"@executable_path/../Frameworks",
					"@loader_path/../Frameworks",
				);
				MACOSX_DEPLOYMENT_TARGET = 10.15;
				PRODUCT_BUNDLE_IDENTIFIER = org.cocoapods.demo.PROJECTTests;
				PRODUCT_NAME = "$(TARGET_NAME)";
				PROVISIONING_PROFILE_SPECIFIER = "";
				TEST_HOST = "";
			};
			name = Release;
		};
/* End XCBuildConfiguration section */

/* Begin XCConfigurationList section */
		95F35B2F25EDE7F40024A51F /* Build configuration list for PBXProject "PROJECT" */ = {
			isa = XCConfigurationList;
			buildConfigurations = (
				95F35B5C25EDE8180024A51F /* Debug */,
				95F35B5D25EDE8180024A51F /* Release */,
			);
			defaultConfigurationIsVisible = 0;
			defaultConfigurationName = Release;
		};
		95F35B5E25EDE8180024A51F /* Build configuration list for PBXNativeTarget "PROJECT_Example" */ = {
			isa = XCConfigurationList;
			buildConfigurations = (
				95F35B5F25EDE8180024A51F /* Debug */,
				95F35B6025EDE8180024A51F /* Release */,
			);
			defaultConfigurationIsVisible = 0;
			defaultConfigurationName = Release;
		};
		95F35B6125EDE8180024A51F /* Build configuration list for PBXNativeTarget "PROJECT_Tests" */ = {
			isa = XCConfigurationList;
			buildConfigurations = (
				95F35B6225EDE8180024A51F /* Debug */,
				95F35B6325EDE8180024A51F /* Release */,
			);
			defaultConfigurationIsVisible = 0;
			defaultConfigurationName = Release;
		};
/* End XCConfigurationList section */
	};
	rootObject = 95F35B2C25EDE7F40024A51F /* Project object */;
}
